
Microsoft Visual Studio Solution File, Format Version 12.00
# Visual Studio Version 17
VisualStudioVersion = 17.4.33213.308
MinimumVisualStudioVersion = 10.0.40219.1
Project("{2150E333-8FDC-42A3-9474-1A3956D46DE8}") = "Services", "Services", "{4FC52C89-28B9-4A55-B4C0-B1B9B1E53544}"
EndProject
Project("{2150E333-8FDC-42A3-9474-1A3956D46DE8}") = "Catalog", "Catalog", "{9BE31666-1BC8-495D-8493-F162CB1D80BF}"
EndProject
Project("{9A19103F-16F7-4668-BE54-9A1E7A4F7556}") = "Catalog.API", "Services\Catalog\Catalog.API\Catalog.API.csproj", "{81A03EB2-A7E3-40DF-8830-18CB587DB35A}"
EndProject
Project("{E53339B2-1760-4266-BCC7-CA923CBCF16C}") = "docker-compose", "docker-compose.dcproj", "{36EDAC5C-56AE-469C-99AE-EA4E755A2C67}"
EndProject
Project("{2150E333-8FDC-42A3-9474-1A3956D46DE8}") = "Basket", "Basket", "{EA95B226-BF00-446D-BCEB-092902F1A4E2}"
EndProject
Project("{9A19103F-16F7-4668-BE54-9A1E7A4F7556}") = "Basket.API", "Services\Basket\Basket.API\Basket.API.csproj", "{F4122F0A-CAED-49E2-9F6B-34F2742274EF}"
EndProject
Project("{2150E333-8FDC-42A3-9474-1A3956D46DE8}") = "Discount", "Discount", "{DC18C9A1-75E8-40B8-8586-F40B4D423566}"
EndProject
Project("{9A19103F-16F7-4668-BE54-9A1E7A4F7556}") = "Discount.API", "Services\Discount\Discount.API\Discount.API.csproj", "{BBA9CBBF-8FA8-44BD-A28E-3994C732BFBC}"
EndProject
Project("{9A19103F-16F7-4668-BE54-9A1E7A4F7556}") = "Discount.Grpc", "Services\Discount\Discount.Grpc\Discount.Grpc.csproj", "{63046A92-8F11-4EC8-87C4-43EE7BA7166F}"
EndProject
Project("{9A19103F-16F7-4668-BE54-9A1E7A4F7556}") = "Ordering.API", "Services\Ordering\Ordering.API\Ordering.API.csproj", "{9BBBD9E6-DB91-46A3-AF90-12F1DFF6401F}"
EndProject
Project("{9A19103F-16F7-4668-BE54-9A1E7A4F7556}") = "Ordering.Application", "Services\Ordering\Ordering.Application\Ordering.Application.csproj", "{1A7C86E0-0D98-43F0-829F-7307E1D8E309}"
EndProject
Project("{9A19103F-16F7-4668-BE54-9A1E7A4F7556}") = "Ordering.Domain", "Services\Ordering\Ordering.Domain\Ordering.Domain.csproj", "{F48C5D1C-9597-42D9-B945-48BE33C9E385}"
EndProject
Project("{9A19103F-16F7-4668-BE54-9A1E7A4F7556}") = "Ordering.Infrastructure", "Services\Ordering\Ordering.Infrastructure\Ordering.Infrastructure.csproj", "{AB18F38A-C0CD-4804-955B-09B699C13338}"
EndProject
Project("{2150E333-8FDC-42A3-9474-1A3956D46DE8}") = "Ordering", "Ordering", "{D00A5EB8-B368-4952-BFE3-171F243762EC}"
EndProject
Project("{2150E333-8FDC-42A3-9474-1A3956D46DE8}") = "BuildingBlocks", "BuildingBlocks", "{EA9C85C1-0C7C-4D3E-BFE3-2A2EEAB41A7F}"
EndProject
Project("{FAE04EC0-301F-11D3-BF4B-00C04F79EFBC}") = "EventBus.Messages", "BuildingBlocks\EventBus.Messages\EventBus.Messages.csproj", "{4B663725-8DDF-41D9-97D9-C7037CAD3183}"
EndProject
Global
	GlobalSection(SolutionConfigurationPlatforms) = preSolution
		Debug|Any CPU = Debug|Any CPU
		Release|Any CPU = Release|Any CPU
	EndGlobalSection
	GlobalSection(ProjectConfigurationPlatforms) = postSolution
		{81A03EB2-A7E3-40DF-8830-18CB587DB35A}.Debug|Any CPU.ActiveCfg = Debug|Any CPU
		{81A03EB2-A7E3-40DF-8830-18CB587DB35A}.Debug|Any CPU.Build.0 = Debug|Any CPU
		{81A03EB2-A7E3-40DF-8830-18CB587DB35A}.Release|Any CPU.ActiveCfg = Release|Any CPU
		{81A03EB2-A7E3-40DF-8830-18CB587DB35A}.Release|Any CPU.Build.0 = Release|Any CPU
		{36EDAC5C-56AE-469C-99AE-EA4E755A2C67}.Debug|Any CPU.ActiveCfg = Debug|Any CPU
		{36EDAC5C-56AE-469C-99AE-EA4E755A2C67}.Debug|Any CPU.Build.0 = Debug|Any CPU
		{36EDAC5C-56AE-469C-99AE-EA4E755A2C67}.Release|Any CPU.ActiveCfg = Release|Any CPU
		{36EDAC5C-56AE-469C-99AE-EA4E755A2C67}.Release|Any CPU.Build.0 = Release|Any CPU
		{F4122F0A-CAED-49E2-9F6B-34F2742274EF}.Debug|Any CPU.ActiveCfg = Debug|Any CPU
		{F4122F0A-CAED-49E2-9F6B-34F2742274EF}.Debug|Any CPU.Build.0 = Debug|Any CPU
		{F4122F0A-CAED-49E2-9F6B-34F2742274EF}.Release|Any CPU.ActiveCfg = Release|Any CPU
		{F4122F0A-CAED-49E2-9F6B-34F2742274EF}.Release|Any CPU.Build.0 = Release|Any CPU
		{BBA9CBBF-8FA8-44BD-A28E-3994C732BFBC}.Debug|Any CPU.ActiveCfg = Debug|Any CPU
		{BBA9CBBF-8FA8-44BD-A28E-3994C732BFBC}.Debug|Any CPU.Build.0 = Debug|Any CPU
		{BBA9CBBF-8FA8-44BD-A28E-3994C732BFBC}.Release|Any CPU.ActiveCfg = Release|Any CPU
		{BBA9CBBF-8FA8-44BD-A28E-3994C732BFBC}.Release|Any CPU.Build.0 = Release|Any CPU
		{63046A92-8F11-4EC8-87C4-43EE7BA7166F}.Debug|Any CPU.ActiveCfg = Debug|Any CPU
		{63046A92-8F11-4EC8-87C4-43EE7BA7166F}.Debug|Any CPU.Build.0 = Debug|Any CPU
		{63046A92-8F11-4EC8-87C4-43EE7BA7166F}.Release|Any CPU.ActiveCfg = Release|Any CPU
		{63046A92-8F11-4EC8-87C4-43EE7BA7166F}.Release|Any CPU.Build.0 = Release|Any CPU
		{9BBBD9E6-DB91-46A3-AF90-12F1DFF6401F}.Debug|Any CPU.ActiveCfg = Debug|Any CPU
		{9BBBD9E6-DB91-46A3-AF90-12F1DFF6401F}.Debug|Any CPU.Build.0 = Debug|Any CPU
		{9BBBD9E6-DB91-46A3-AF90-12F1DFF6401F}.Release|Any CPU.ActiveCfg = Release|Any CPU
		{9BBBD9E6-DB91-46A3-AF90-12F1DFF6401F}.Release|Any CPU.Build.0 = Release|Any CPU
		{1A7C86E0-0D98-43F0-829F-7307E1D8E309}.Debug|Any CPU.ActiveCfg = Debug|Any CPU
		{1A7C86E0-0D98-43F0-829F-7307E1D8E309}.Debug|Any CPU.Build.0 = Debug|Any CPU
		{1A7C86E0-0D98-43F0-829F-7307E1D8E309}.Release|Any CPU.ActiveCfg = Release|Any CPU
		{1A7C86E0-0D98-43F0-829F-7307E1D8E309}.Release|Any CPU.Build.0 = Release|Any CPU
		{F48C5D1C-9597-42D9-B945-48BE33C9E385}.Debug|Any CPU.ActiveCfg = Debug|Any CPU
		{F48C5D1C-9597-42D9-B945-48BE33C9E385}.Debug|Any CPU.Build.0 = Debug|Any CPU
		{F48C5D1C-9597-42D9-B945-48BE33C9E385}.Release|Any CPU.ActiveCfg = Release|Any CPU
		{F48C5D1C-9597-42D9-B945-48BE33C9E385}.Release|Any CPU.Build.0 = Release|Any CPU
		{AB18F38A-C0CD-4804-955B-09B699C13338}.Debug|Any CPU.ActiveCfg = Debug|Any CPU
		{AB18F38A-C0CD-4804-955B-09B699C13338}.Debug|Any CPU.Build.0 = Debug|Any CPU
		{AB18F38A-C0CD-4804-955B-09B699C13338}.Release|Any CPU.ActiveCfg = Release|Any CPU
		{AB18F38A-C0CD-4804-955B-09B699C13338}.Release|Any CPU.Build.0 = Release|Any CPU
		{4B663725-8DDF-41D9-97D9-C7037CAD3183}.Debug|Any CPU.ActiveCfg = Debug|Any CPU
		{4B663725-8DDF-41D9-97D9-C7037CAD3183}.Debug|Any CPU.Build.0 = Debug|Any CPU
		{4B663725-8DDF-41D9-97D9-C7037CAD3183}.Release|Any CPU.ActiveCfg = Release|Any CPU
		{4B663725-8DDF-41D9-97D9-C7037CAD3183}.Release|Any CPU.Build.0 = Release|Any CPU
	EndGlobalSection
	GlobalSection(SolutionProperties) = preSolution
		HideSolutionNode = FALSE
	EndGlobalSection
	GlobalSection(NestedProjects) = preSolution
		{9BE31666-1BC8-495D-8493-F162CB1D80BF} = {4FC52C89-28B9-4A55-B4C0-B1B9B1E53544}
		{81A03EB2-A7E3-40DF-8830-18CB587DB35A} = {9BE31666-1BC8-495D-8493-F162CB1D80BF}
		{EA95B226-BF00-446D-BCEB-092902F1A4E2} = {4FC52C89-28B9-4A55-B4C0-B1B9B1E53544}
		{F4122F0A-CAED-49E2-9F6B-34F2742274EF} = {EA95B226-BF00-446D-BCEB-092902F1A4E2}
		{DC18C9A1-75E8-40B8-8586-F40B4D423566} = {4FC52C89-28B9-4A55-B4C0-B1B9B1E53544}
		{BBA9CBBF-8FA8-44BD-A28E-3994C732BFBC} = {DC18C9A1-75E8-40B8-8586-F40B4D423566}
		{63046A92-8F11-4EC8-87C4-43EE7BA7166F} = {DC18C9A1-75E8-40B8-8586-F40B4D423566}
		{9BBBD9E6-DB91-46A3-AF90-12F1DFF6401F} = {D00A5EB8-B368-4952-BFE3-171F243762EC}
		{1A7C86E0-0D98-43F0-829F-7307E1D8E309} = {D00A5EB8-B368-4952-BFE3-171F243762EC}
		{F48C5D1C-9597-42D9-B945-48BE33C9E385} = {D00A5EB8-B368-4952-BFE3-171F243762EC}
		{AB18F38A-C0CD-4804-955B-09B699C13338} = {D00A5EB8-B368-4952-BFE3-171F243762EC}
		{D00A5EB8-B368-4952-BFE3-171F243762EC} = {4FC52C89-28B9-4A55-B4C0-B1B9B1E53544}
		{4B663725-8DDF-41D9-97D9-C7037CAD3183} = {EA9C85C1-0C7C-4D3E-BFE3-2A2EEAB41A7F}
	EndGlobalSection
	GlobalSection(ExtensibilityGlobals) = postSolution
		SolutionGuid = {BFFE5683-0CA7-48BD-A38E-43883A6E0C9C}
	EndGlobalSection
EndGlobal
